
Microsoft Visual Studio Solution File, Format Version 12.00
# Visual Studio Version 17
VisualStudioVersion = 17.8.34330.188
MinimumVisualStudioVersion = 10.0.40219.1
Project("{FAE04EC0-301F-11D3-BF4B-00C04F79EFBC}") = "Ecommerce_Project", "Ecommerce_Project\Ecommerce_Project.csproj", "{FA11FA28-B60D-434F-9272-2AED9BA89D58}"
EndProject
Global
	GlobalSection(SolutionConfigurationPlatforms) = preSolution
		Debug|Any CPU = Debug|Any CPU
		Release|Any CPU = Release|Any CPU
	EndGlobalSection
	GlobalSection(ProjectConfigurationPlatforms) = postSolution
		{FA11FA28-B60D-434F-9272-2AED9BA89D58}.Debug|Any CPU.ActiveCfg = Debug|Any CPU
		{FA11FA28-B60D-434F-9272-2AED9BA89D58}.Debug|Any CPU.Build.0 = Debug|Any CPU
		{FA11FA28-B60D-434F-9272-2AED9BA89D58}.Release|Any CPU.ActiveCfg = Release|Any CPU
		{FA11FA28-B60D-434F-9272-2AED9BA89D58}.Release|Any CPU.Build.0 = Release|Any CPU
	EndGlobalSection
	GlobalSection(SolutionProperties) = preSolution
		HideSolutionNode = FALSE
	EndGlobalSection
	GlobalSection(ExtensibilityGlobals) = postSolution
		SolutionGuid = {81B40126-B5B7-467E-A478-E6B5C737926C}
	EndGlobalSection
EndGlobal
